{
  "name": "3dgs-sketchfab-compare",
  "lockfileVersion": 3,
  "requires": true,
  "packages": {
    "": {
      "dependencies": {
        "gsplat": "^1.2.4"
      }
    },
    "node_modules/gsplat": {
      "version": "1.2.4",
      "resolved": "https://registry.npmjs.org/gsplat/-/gsplat-1.2.4.tgz",
      "integrity": "sha512-YW/qc1KxmkI8VGfVY0avZ6wpcjOijHdXvNkLSy8KniY3R326bYYbePMBlI1VrGQ60dkj4dWnW2k779jKTWNXyQ==",
      "license": "MIT"
    }
  }
}
